// !$*UTF8*$!
{
	archiveVersion = 1;
	classes = {
	};
	objectVersion = 46;
	objects = {

/* Begin PBXBuildFile section */
		0D0831E5136F38C900ED6E67 /* .gitignore in Resources */ = {isa = PBXBuildFile; fileRef = 0D0831D3136F38C900ED6E67 /* .gitignore */; };
		0D0831E6136F38C900ED6E67 /* ActiveRecordHelpers.m in Sources */ = {isa = PBXBuildFile; fileRef = 0D0831D5136F38C900ED6E67 /* ActiveRecordHelpers.m */; };
		0D0831E7136F38C900ED6E67 /* ARCoreDataAction.m in Sources */ = {isa = PBXBuildFile; fileRef = 0D0831D7136F38C900ED6E67 /* ARCoreDataAction.m */; };
		0D0831E8136F38C900ED6E67 /* LICENSE in Resources */ = {isa = PBXBuildFile; fileRef = 0D0831D9136F38C900ED6E67 /* LICENSE */; };
		0D0831E9136F38C900ED6E67 /* NSManagedObject+ActiveRecord.m in Sources */ = {isa = PBXBuildFile; fileRef = 0D0831DB136F38C900ED6E67 /* NSManagedObject+ActiveRecord.m */; };
		0D0831EA136F38C900ED6E67 /* NSManagedObjectContext+ActiveRecord.m in Sources */ = {isa = PBXBuildFile; fileRef = 0D0831DD136F38C900ED6E67 /* NSManagedObjectContext+ActiveRecord.m */; };
		0D0831EB136F38C900ED6E67 /* NSManagedObjectModel+ActiveRecord.m in Sources */ = {isa = PBXBuildFile; fileRef = 0D0831DF136F38C900ED6E67 /* NSManagedObjectModel+ActiveRecord.m */; };
		0D0831EC136F38C900ED6E67 /* NSPersistentStore+ActiveRecord.m in Sources */ = {isa = PBXBuildFile; fileRef = 0D0831E1136F38C900ED6E67 /* NSPersistentStore+ActiveRecord.m */; };
		0D0831ED136F38C900ED6E67 /* NSPersistentStoreCoordinator+ActiveRecord.m in Sources */ = {isa = PBXBuildFile; fileRef = 0D0831E3136F38C900ED6E67 /* NSPersistentStoreCoordinator+ActiveRecord.m */; };
		0D0831EE136F38C900ED6E67 /* README.md in Resources */ = {isa = PBXBuildFile; fileRef = 0D0831E4136F38C900ED6E67 /* README.md */; };
		0D0831F2136F38E000ED6E67 /* DataModels.xcdatamodeld in Sources */ = {isa = PBXBuildFile; fileRef = 0D0831F0136F38E000ED6E67 /* DataModels.xcdatamodeld */; };
		0D0831F6136F392D00ED6E67 /* Server.m in Sources */ = {isa = PBXBuildFile; fileRef = 0D0831F5136F392D00ED6E67 /* Server.m */; };
		0D0831FA136F396500ED6E67 /* AddServerViewController.m in Sources */ = {isa = PBXBuildFile; fileRef = 0D0831F8136F396500ED6E67 /* AddServerViewController.m */; };
		0D0831FB136F396500ED6E67 /* AddServerViewController.xib in Resources */ = {isa = PBXBuildFile; fileRef = 0D0831F9136F396500ED6E67 /* AddServerViewController.xib */; };
		0D083209136F3AD300ED6E67 /* CoreData.framework in Frameworks */ = {isa = PBXBuildFile; fileRef = 0D083208136F3AD300ED6E67 /* CoreData.framework */; };
		0D78504813741D0000D67898 /* BuildStatusCellView.m in Sources */ = {isa = PBXBuildFile; fileRef = 0D78504613741D0000D67898 /* BuildStatusCellView.m */; };
		0D78504913741D0000D67898 /* BuildStatusCellView.xib in Resources */ = {isa = PBXBuildFile; fileRef = 0D78504713741D0000D67898 /* BuildStatusCellView.xib */; };
		0D8DDB6D136F1BCB002D0C19 /* UIKit.framework in Frameworks */ = {isa = PBXBuildFile; fileRef = 0D8DDB6C136F1BCB002D0C19 /* UIKit.framework */; };
		0D8DDB6F136F1BCB002D0C19 /* Foundation.framework in Frameworks */ = {isa = PBXBuildFile; fileRef = 0D8DDB6E136F1BCB002D0C19 /* Foundation.framework */; };
		0D8DDB71136F1BCB002D0C19 /* CoreGraphics.framework in Frameworks */ = {isa = PBXBuildFile; fileRef = 0D8DDB70136F1BCB002D0C19 /* CoreGraphics.framework */; };
		0D8DDB77136F1BCB002D0C19 /* InfoPlist.strings in Resources */ = {isa = PBXBuildFile; fileRef = 0D8DDB75136F1BCB002D0C19 /* InfoPlist.strings */; };
		0D8DDB7A136F1BCB002D0C19 /* main.m in Sources */ = {isa = PBXBuildFile; fileRef = 0D8DDB79136F1BCB002D0C19 /* main.m */; };
		0D8DDB7D136F1BCB002D0C19 /* BuildMonitAppDelegate.m in Sources */ = {isa = PBXBuildFile; fileRef = 0D8DDB7C136F1BCB002D0C19 /* BuildMonitAppDelegate.m */; };
		0D8DDB80136F1BCB002D0C19 /* MainWindow.xib in Resources */ = {isa = PBXBuildFile; fileRef = 0D8DDB7E136F1BCB002D0C19 /* MainWindow.xib */; };
		0D8DDB83136F1BCB002D0C19 /* BuildStatusViewController.m in Sources */ = {isa = PBXBuildFile; fileRef = 0D8DDB82136F1BCB002D0C19 /* BuildStatusViewController.m */; };
		0D8DDB86136F1BCB002D0C19 /* BuildStatusViewController.xib in Resources */ = {isa = PBXBuildFile; fileRef = 0D8DDB84136F1BCB002D0C19 /* BuildStatusViewController.xib */; };
		0D8DDB9D136F1CA3002D0C19 /* CCTrayParser.m in Sources */ = {isa = PBXBuildFile; fileRef = 0D8DDB9C136F1CA3002D0C19 /* CCTrayParser.m */; };
		0D8DDBA1136F1D12002D0C19 /* Build.m in Sources */ = {isa = PBXBuildFile; fileRef = 0D8DDBA0136F1D12002D0C19 /* Build.m */; };
		0D8DDC9D136F2BE2002D0C19 /* CXMLDocument_CreationExtensions.m in Sources */ = {isa = PBXBuildFile; fileRef = 0D8DDC82136F2BE2002D0C19 /* CXMLDocument_CreationExtensions.m */; };
		0D8DDC9E136F2BE2002D0C19 /* CXMLNode_CreationExtensions.m in Sources */ = {isa = PBXBuildFile; fileRef = 0D8DDC84136F2BE2002D0C19 /* CXMLNode_CreationExtensions.m */; };
		0D8DDC9F136F2BE2002D0C19 /* CXHTMLDocument.m in Sources */ = {isa = PBXBuildFile; fileRef = 0D8DDC86136F2BE2002D0C19 /* CXHTMLDocument.m */; };
		0D8DDCA0136F2BE2002D0C19 /* CXMLDocument.m in Sources */ = {isa = PBXBuildFile; fileRef = 0D8DDC88136F2BE2002D0C19 /* CXMLDocument.m */; };
		0D8DDCA1136F2BE2002D0C19 /* CXMLDocument_PrivateExtensions.m in Sources */ = {isa = PBXBuildFile; fileRef = 0D8DDC8A136F2BE2002D0C19 /* CXMLDocument_PrivateExtensions.m */; };
		0D8DDCA2136F2BE2002D0C19 /* CXMLElement.m in Sources */ = {isa = PBXBuildFile; fileRef = 0D8DDC8C136F2BE2002D0C19 /* CXMLElement.m */; };
		0D8DDCA3136F2BE2002D0C19 /* CXMLElement_CreationExtensions.m in Sources */ = {isa = PBXBuildFile; fileRef = 0D8DDC8E136F2BE2002D0C19 /* CXMLElement_CreationExtensions.m */; };
		0D8DDCA4136F2BE2002D0C19 /* CXMLElement_ElementTreeExtensions.m in Sources */ = {isa = PBXBuildFile; fileRef = 0D8DDC90136F2BE2002D0C19 /* CXMLElement_ElementTreeExtensions.m */; };
		0D8DDCA5136F2BE2002D0C19 /* CXMLNamespaceNode.m in Sources */ = {isa = PBXBuildFile; fileRef = 0D8DDC92136F2BE2002D0C19 /* CXMLNamespaceNode.m */; };
		0D8DDCA6136F2BE2002D0C19 /* CXMLNode.m in Sources */ = {isa = PBXBuildFile; fileRef = 0D8DDC94136F2BE2002D0C19 /* CXMLNode.m */; };
		0D8DDCA7136F2BE2002D0C19 /* CXMLNode_PrivateExtensions.m in Sources */ = {isa = PBXBuildFile; fileRef = 0D8DDC96136F2BE2002D0C19 /* CXMLNode_PrivateExtensions.m */; };
		0D8DDCA8136F2BE2002D0C19 /* CXMLNode_XPathExtensions.m in Sources */ = {isa = PBXBuildFile; fileRef = 0D8DDC98136F2BE2002D0C19 /* CXMLNode_XPathExtensions.m */; };
		0D8DDCA9136F2BE2002D0C19 /* CTidy.m in Sources */ = {isa = PBXBuildFile; fileRef = 0D8DDC9B136F2BE2002D0C19 /* CTidy.m */; };
		0D9419C2136F517000AE8552 /* Icon.png in Resources */ = {isa = PBXBuildFile; fileRef = 0D9419C1136F517000AE8552 /* Icon.png */; };
		0DA9AA591372EB6A005C86C4 /* ServersViewController.m in Sources */ = {isa = PBXBuildFile; fileRef = 0DA9AA571372EB6A005C86C4 /* ServersViewController.m */; };
		0DA9AA5A1372EB6A005C86C4 /* ServersViewController.xib in Resources */ = {isa = PBXBuildFile; fileRef = 0DA9AA581372EB6A005C86C4 /* ServersViewController.xib */; };
		0DEA6E00137415B3007C0A54 /* Blue.png in Resources */ = {isa = PBXBuildFile; fileRef = 0DEA6DF5137415B3007C0A54 /* Blue.png */; };
		0DEA6E01137415B3007C0A54 /* Blue@2x.png in Resources */ = {isa = PBXBuildFile; fileRef = 0DEA6DF6137415B3007C0A54 /* Blue@2x.png */; };
		0DEA6E02137415B3007C0A54 /* MKInfoPanel.m in Sources */ = {isa = PBXBuildFile; fileRef = 0DEA6DF8137415B3007C0A54 /* MKInfoPanel.m */; };
		0DEA6E03137415B3007C0A54 /* MKInfoPanel.xib in Resources */ = {isa = PBXBuildFile; fileRef = 0DEA6DF9137415B3007C0A54 /* MKInfoPanel.xib */; };
		0DEA6E04137415B3007C0A54 /* Red.png in Resources */ = {isa = PBXBuildFile; fileRef = 0DEA6DFA137415B3007C0A54 /* Red.png */; };
		0DEA6E05137415B3007C0A54 /* Red@2x.png in Resources */ = {isa = PBXBuildFile; fileRef = 0DEA6DFB137415B3007C0A54 /* Red@2x.png */; };
		0DEA6E06137415B3007C0A54 /* Tick.png in Resources */ = {isa = PBXBuildFile; fileRef = 0DEA6DFC137415B3007C0A54 /* Tick.png */; };
		0DEA6E07137415B3007C0A54 /* Tick@2x.png in Resources */ = {isa = PBXBuildFile; fileRef = 0DEA6DFD137415B3007C0A54 /* Tick@2x.png */; };
		0DEA6E08137415B3007C0A54 /* Warning.png in Resources */ = {isa = PBXBuildFile; fileRef = 0DEA6DFE137415B3007C0A54 /* Warning.png */; };
		0DEA6E09137415B3007C0A54 /* Warning@2x.png in Resources */ = {isa = PBXBuildFile; fileRef = 0DEA6DFF137415B3007C0A54 /* Warning@2x.png */; };
		0DEA6E0C137415D3007C0A54 /* QuartzCore.framework in Frameworks */ = {isa = PBXBuildFile; fileRef = 0DEA6E0B137415D3007C0A54 /* QuartzCore.framework */; };
/* End PBXBuildFile section */

/* Begin PBXFileReference section */
		0D0831D3136F38C900ED6E67 /* .gitignore */ = {isa = PBXFileReference; fileEncoding = 4; lastKnownFileType = text; path = .gitignore; sourceTree = "<group>"; };
		0D0831D4136F38C900ED6E67 /* ActiveRecordHelpers.h */ = {isa = PBXFileReference; fileEncoding = 4; lastKnownFileType = sourcecode.c.h; path = ActiveRecordHelpers.h; sourceTree = "<group>"; };
		0D0831D5136F38C900ED6E67 /* ActiveRecordHelpers.m */ = {isa = PBXFileReference; fileEncoding = 4; lastKnownFileType = sourcecode.c.objc; path = ActiveRecordHelpers.m; sourceTree = "<group>"; };
		0D0831D6136F38C900ED6E67 /* ARCoreDataAction.h */ = {isa = PBXFileReference; fileEncoding = 4; lastKnownFileType = sourcecode.c.h; path = ARCoreDataAction.h; sourceTree = "<group>"; };
		0D0831D7136F38C900ED6E67 /* ARCoreDataAction.m */ = {isa = PBXFileReference; fileEncoding = 4; lastKnownFileType = sourcecode.c.objc; path = ARCoreDataAction.m; sourceTree = "<group>"; };
		0D0831D8136F38C900ED6E67 /* CoreData+ActiveRecordFetching.h */ = {isa = PBXFileReference; fileEncoding = 4; lastKnownFileType = sourcecode.c.h; path = "CoreData+ActiveRecordFetching.h"; sourceTree = "<group>"; };
		0D0831D9136F38C900ED6E67 /* LICENSE */ = {isa = PBXFileReference; fileEncoding = 4; lastKnownFileType = text; path = LICENSE; sourceTree = "<group>"; };
		0D0831DA136F38C900ED6E67 /* NSManagedObject+ActiveRecord.h */ = {isa = PBXFileReference; fileEncoding = 4; lastKnownFileType = sourcecode.c.h; path = "NSManagedObject+ActiveRecord.h"; sourceTree = "<group>"; };
		0D0831DB136F38C900ED6E67 /* NSManagedObject+ActiveRecord.m */ = {isa = PBXFileReference; fileEncoding = 4; lastKnownFileType = sourcecode.c.objc; path = "NSManagedObject+ActiveRecord.m"; sourceTree = "<group>"; };
		0D0831DC136F38C900ED6E67 /* NSManagedObjectContext+ActiveRecord.h */ = {isa = PBXFileReference; fileEncoding = 4; lastKnownFileType = sourcecode.c.h; path = "NSManagedObjectContext+ActiveRecord.h"; sourceTree = "<group>"; };
		0D0831DD136F38C900ED6E67 /* NSManagedObjectContext+ActiveRecord.m */ = {isa = PBXFileReference; fileEncoding = 4; lastKnownFileType = sourcecode.c.objc; path = "NSManagedObjectContext+ActiveRecord.m"; sourceTree = "<group>"; };
		0D0831DE136F38C900ED6E67 /* NSManagedObjectModel+ActiveRecord.h */ = {isa = PBXFileReference; fileEncoding = 4; lastKnownFileType = sourcecode.c.h; path = "NSManagedObjectModel+ActiveRecord.h"; sourceTree = "<group>"; };
		0D0831DF136F38C900ED6E67 /* NSManagedObjectModel+ActiveRecord.m */ = {isa = PBXFileReference; fileEncoding = 4; lastKnownFileType = sourcecode.c.objc; path = "NSManagedObjectModel+ActiveRecord.m"; sourceTree = "<group>"; };
		0D0831E0136F38C900ED6E67 /* NSPersistentStore+ActiveRecord.h */ = {isa = PBXFileReference; fileEncoding = 4; lastKnownFileType = sourcecode.c.h; path = "NSPersistentStore+ActiveRecord.h"; sourceTree = "<group>"; };
		0D0831E1136F38C900ED6E67 /* NSPersistentStore+ActiveRecord.m */ = {isa = PBXFileReference; fileEncoding = 4; lastKnownFileType = sourcecode.c.objc; path = "NSPersistentStore+ActiveRecord.m"; sourceTree = "<group>"; };
		0D0831E2136F38C900ED6E67 /* NSPersistentStoreCoordinator+ActiveRecord.h */ = {isa = PBXFileReference; fileEncoding = 4; lastKnownFileType = sourcecode.c.h; path = "NSPersistentStoreCoordinator+ActiveRecord.h"; sourceTree = "<group>"; };
		0D0831E3136F38C900ED6E67 /* NSPersistentStoreCoordinator+ActiveRecord.m */ = {isa = PBXFileReference; fileEncoding = 4; lastKnownFileType = sourcecode.c.objc; path = "NSPersistentStoreCoordinator+ActiveRecord.m"; sourceTree = "<group>"; };
		0D0831E4136F38C900ED6E67 /* README.md */ = {isa = PBXFileReference; fileEncoding = 4; lastKnownFileType = text; path = README.md; sourceTree = "<group>"; };
		0D0831F1136F38E000ED6E67 /* DataModels.xcdatamodel */ = {isa = PBXFileReference; lastKnownFileType = wrapper.xcdatamodel; path = DataModels.xcdatamodel; sourceTree = "<group>"; };
		0D0831F4136F392D00ED6E67 /* Server.h */ = {isa = PBXFileReference; fileEncoding = 4; lastKnownFileType = sourcecode.c.h; path = Server.h; sourceTree = "<group>"; };
		0D0831F5136F392D00ED6E67 /* Server.m */ = {isa = PBXFileReference; fileEncoding = 4; lastKnownFileType = sourcecode.c.objc; path = Server.m; sourceTree = "<group>"; };
		0D0831F7136F396500ED6E67 /* AddServerViewController.h */ = {isa = PBXFileReference; fileEncoding = 4; lastKnownFileType = sourcecode.c.h; path = AddServerViewController.h; sourceTree = "<group>"; };
		0D0831F8136F396500ED6E67 /* AddServerViewController.m */ = {isa = PBXFileReference; fileEncoding = 4; lastKnownFileType = sourcecode.c.objc; path = AddServerViewController.m; sourceTree = "<group>"; };
		0D0831F9136F396500ED6E67 /* AddServerViewController.xib */ = {isa = PBXFileReference; fileEncoding = 4; lastKnownFileType = file.xib; path = AddServerViewController.xib; sourceTree = "<group>"; };
		0D083208136F3AD300ED6E67 /* CoreData.framework */ = {isa = PBXFileReference; lastKnownFileType = wrapper.framework; name = CoreData.framework; path = System/Library/Frameworks/CoreData.framework; sourceTree = SDKROOT; };
		0D78504513741D0000D67898 /* BuildStatusCellView.h */ = {isa = PBXFileReference; fileEncoding = 4; lastKnownFileType = sourcecode.c.h; path = BuildStatusCellView.h; sourceTree = "<group>"; };
		0D78504613741D0000D67898 /* BuildStatusCellView.m */ = {isa = PBXFileReference; fileEncoding = 4; lastKnownFileType = sourcecode.c.objc; path = BuildStatusCellView.m; sourceTree = "<group>"; };
		0D78504713741D0000D67898 /* BuildStatusCellView.xib */ = {isa = PBXFileReference; fileEncoding = 4; lastKnownFileType = file.xib; path = BuildStatusCellView.xib; sourceTree = "<group>"; };
		0D8DDB68136F1BCB002D0C19 /* BuildMonit.app */ = {isa = PBXFileReference; explicitFileType = wrapper.application; includeInIndex = 0; path = BuildMonit.app; sourceTree = BUILT_PRODUCTS_DIR; };
		0D8DDB6C136F1BCB002D0C19 /* UIKit.framework */ = {isa = PBXFileReference; lastKnownFileType = wrapper.framework; name = UIKit.framework; path = System/Library/Frameworks/UIKit.framework; sourceTree = SDKROOT; };
		0D8DDB6E136F1BCB002D0C19 /* Foundation.framework */ = {isa = PBXFileReference; lastKnownFileType = wrapper.framework; name = Foundation.framework; path = System/Library/Frameworks/Foundation.framework; sourceTree = SDKROOT; };
		0D8DDB70136F1BCB002D0C19 /* CoreGraphics.framework */ = {isa = PBXFileReference; lastKnownFileType = wrapper.framework; name = CoreGraphics.framework; path = System/Library/Frameworks/CoreGraphics.framework; sourceTree = SDKROOT; };
		0D8DDB74136F1BCB002D0C19 /* BuildMonit-Info.plist */ = {isa = PBXFileReference; lastKnownFileType = text.plist.xml; path = "BuildMonit-Info.plist"; sourceTree = "<group>"; };
		0D8DDB76136F1BCB002D0C19 /* en */ = {isa = PBXFileReference; lastKnownFileType = text.plist.strings; name = en; path = en.lproj/InfoPlist.strings; sourceTree = "<group>"; };
		0D8DDB78136F1BCB002D0C19 /* BuildMonit-Prefix.pch */ = {isa = PBXFileReference; lastKnownFileType = sourcecode.c.h; path = "BuildMonit-Prefix.pch"; sourceTree = "<group>"; };
		0D8DDB79136F1BCB002D0C19 /* main.m */ = {isa = PBXFileReference; lastKnownFileType = sourcecode.c.objc; path = main.m; sourceTree = "<group>"; };
		0D8DDB7B136F1BCB002D0C19 /* BuildMonitAppDelegate.h */ = {isa = PBXFileReference; lastKnownFileType = sourcecode.c.h; path = BuildMonitAppDelegate.h; sourceTree = "<group>"; };
		0D8DDB7C136F1BCB002D0C19 /* BuildMonitAppDelegate.m */ = {isa = PBXFileReference; lastKnownFileType = sourcecode.c.objc; path = BuildMonitAppDelegate.m; sourceTree = "<group>"; };
		0D8DDB7F136F1BCB002D0C19 /* en */ = {isa = PBXFileReference; lastKnownFileType = file.xib; name = en; path = en.lproj/MainWindow.xib; sourceTree = "<group>"; };
		0D8DDB81136F1BCB002D0C19 /* BuildStatusViewController.h */ = {isa = PBXFileReference; lastKnownFileType = sourcecode.c.h; path = BuildStatusViewController.h; sourceTree = "<group>"; };
		0D8DDB82136F1BCB002D0C19 /* BuildStatusViewController.m */ = {isa = PBXFileReference; lastKnownFileType = sourcecode.c.objc; path = BuildStatusViewController.m; sourceTree = "<group>"; };
		0D8DDB85136F1BCB002D0C19 /* en */ = {isa = PBXFileReference; lastKnownFileType = file.xib; name = en; path = en.lproj/BuildStatusViewController.xib; sourceTree = "<group>"; };
		0D8DDB9B136F1CA3002D0C19 /* CCTrayParser.h */ = {isa = PBXFileReference; fileEncoding = 4; lastKnownFileType = sourcecode.c.h; path = CCTrayParser.h; sourceTree = "<group>"; };
		0D8DDB9C136F1CA3002D0C19 /* CCTrayParser.m */ = {isa = PBXFileReference; fileEncoding = 4; lastKnownFileType = sourcecode.c.objc; path = CCTrayParser.m; sourceTree = "<group>"; };
		0D8DDB9F136F1D12002D0C19 /* Build.h */ = {isa = PBXFileReference; fileEncoding = 4; lastKnownFileType = sourcecode.c.h; path = Build.h; sourceTree = "<group>"; };
		0D8DDBA0136F1D12002D0C19 /* Build.m */ = {isa = PBXFileReference; fileEncoding = 4; lastKnownFileType = sourcecode.c.objc; path = Build.m; sourceTree = "<group>"; };
		0D8DDC81136F2BE2002D0C19 /* CXMLDocument_CreationExtensions.h */ = {isa = PBXFileReference; fileEncoding = 4; lastKnownFileType = sourcecode.c.h; path = CXMLDocument_CreationExtensions.h; sourceTree = "<group>"; };
		0D8DDC82136F2BE2002D0C19 /* CXMLDocument_CreationExtensions.m */ = {isa = PBXFileReference; fileEncoding = 4; lastKnownFileType = sourcecode.c.objc; path = CXMLDocument_CreationExtensions.m; sourceTree = "<group>"; };
		0D8DDC83136F2BE2002D0C19 /* CXMLNode_CreationExtensions.h */ = {isa = PBXFileReference; fileEncoding = 4; lastKnownFileType = sourcecode.c.h; path = CXMLNode_CreationExtensions.h; sourceTree = "<group>"; };
		0D8DDC84136F2BE2002D0C19 /* CXMLNode_CreationExtensions.m */ = {isa = PBXFileReference; fileEncoding = 4; lastKnownFileType = sourcecode.c.objc; path = CXMLNode_CreationExtensions.m; sourceTree = "<group>"; };
		0D8DDC85136F2BE2002D0C19 /* CXHTMLDocument.h */ = {isa = PBXFileReference; fileEncoding = 4; lastKnownFileType = sourcecode.c.h; path = CXHTMLDocument.h; sourceTree = "<group>"; };
		0D8DDC86136F2BE2002D0C19 /* CXHTMLDocument.m */ = {isa = PBXFileReference; fileEncoding = 4; lastKnownFileType = sourcecode.c.objc; path = CXHTMLDocument.m; sourceTree = "<group>"; };
		0D8DDC87136F2BE2002D0C19 /* CXMLDocument.h */ = {isa = PBXFileReference; fileEncoding = 4; lastKnownFileType = sourcecode.c.h; path = CXMLDocument.h; sourceTree = "<group>"; };
		0D8DDC88136F2BE2002D0C19 /* CXMLDocument.m */ = {isa = PBXFileReference; fileEncoding = 4; lastKnownFileType = sourcecode.c.objc; path = CXMLDocument.m; sourceTree = "<group>"; };
		0D8DDC89136F2BE2002D0C19 /* CXMLDocument_PrivateExtensions.h */ = {isa = PBXFileReference; fileEncoding = 4; lastKnownFileType = sourcecode.c.h; path = CXMLDocument_PrivateExtensions.h; sourceTree = "<group>"; };
		0D8DDC8A136F2BE2002D0C19 /* CXMLDocument_PrivateExtensions.m */ = {isa = PBXFileReference; fileEncoding = 4; lastKnownFileType = sourcecode.c.objc; path = CXMLDocument_PrivateExtensions.m; sourceTree = "<group>"; };
		0D8DDC8B136F2BE2002D0C19 /* CXMLElement.h */ = {isa = PBXFileReference; fileEncoding = 4; lastKnownFileType = sourcecode.c.h; path = CXMLElement.h; sourceTree = "<group>"; };
		0D8DDC8C136F2BE2002D0C19 /* CXMLElement.m */ = {isa = PBXFileReference; fileEncoding = 4; lastKnownFileType = sourcecode.c.objc; path = CXMLElement.m; sourceTree = "<group>"; };
		0D8DDC8D136F2BE2002D0C19 /* CXMLElement_CreationExtensions.h */ = {isa = PBXFileReference; fileEncoding = 4; lastKnownFileType = sourcecode.c.h; path = CXMLElement_CreationExtensions.h; sourceTree = "<group>"; };
		0D8DDC8E136F2BE2002D0C19 /* CXMLElement_CreationExtensions.m */ = {isa = PBXFileReference; fileEncoding = 4; lastKnownFileType = sourcecode.c.objc; path = CXMLElement_CreationExtensions.m; sourceTree = "<group>"; };
		0D8DDC8F136F2BE2002D0C19 /* CXMLElement_ElementTreeExtensions.h */ = {isa = PBXFileReference; fileEncoding = 4; lastKnownFileType = sourcecode.c.h; path = CXMLElement_ElementTreeExtensions.h; sourceTree = "<group>"; };
		0D8DDC90136F2BE2002D0C19 /* CXMLElement_ElementTreeExtensions.m */ = {isa = PBXFileReference; fileEncoding = 4; lastKnownFileType = sourcecode.c.objc; path = CXMLElement_ElementTreeExtensions.m; sourceTree = "<group>"; };
		0D8DDC91136F2BE2002D0C19 /* CXMLNamespaceNode.h */ = {isa = PBXFileReference; fileEncoding = 4; lastKnownFileType = sourcecode.c.h; path = CXMLNamespaceNode.h; sourceTree = "<group>"; };
		0D8DDC92136F2BE2002D0C19 /* CXMLNamespaceNode.m */ = {isa = PBXFileReference; fileEncoding = 4; lastKnownFileType = sourcecode.c.objc; path = CXMLNamespaceNode.m; sourceTree = "<group>"; };
		0D8DDC93136F2BE2002D0C19 /* CXMLNode.h */ = {isa = PBXFileReference; fileEncoding = 4; lastKnownFileType = sourcecode.c.h; path = CXMLNode.h; sourceTree = "<group>"; };
		0D8DDC94136F2BE2002D0C19 /* CXMLNode.m */ = {isa = PBXFileReference; fileEncoding = 4; lastKnownFileType = sourcecode.c.objc; path = CXMLNode.m; sourceTree = "<group>"; };
		0D8DDC95136F2BE2002D0C19 /* CXMLNode_PrivateExtensions.h */ = {isa = PBXFileReference; fileEncoding = 4; lastKnownFileType = sourcecode.c.h; path = CXMLNode_PrivateExtensions.h; sourceTree = "<group>"; };
		0D8DDC96136F2BE2002D0C19 /* CXMLNode_PrivateExtensions.m */ = {isa = PBXFileReference; fileEncoding = 4; lastKnownFileType = sourcecode.c.objc; path = CXMLNode_PrivateExtensions.m; sourceTree = "<group>"; };
		0D8DDC97136F2BE2002D0C19 /* CXMLNode_XPathExtensions.h */ = {isa = PBXFileReference; fileEncoding = 4; lastKnownFileType = sourcecode.c.h; path = CXMLNode_XPathExtensions.h; sourceTree = "<group>"; };
		0D8DDC98136F2BE2002D0C19 /* CXMLNode_XPathExtensions.m */ = {isa = PBXFileReference; fileEncoding = 4; lastKnownFileType = sourcecode.c.objc; path = CXMLNode_XPathExtensions.m; sourceTree = "<group>"; };
		0D8DDC9A136F2BE2002D0C19 /* CTidy.h */ = {isa = PBXFileReference; fileEncoding = 4; lastKnownFileType = sourcecode.c.h; path = CTidy.h; sourceTree = "<group>"; };
		0D8DDC9B136F2BE2002D0C19 /* CTidy.m */ = {isa = PBXFileReference; fileEncoding = 4; lastKnownFileType = sourcecode.c.objc; path = CTidy.m; sourceTree = "<group>"; };
		0D8DDC9C136F2BE2002D0C19 /* TouchXML.h */ = {isa = PBXFileReference; fileEncoding = 4; lastKnownFileType = sourcecode.c.h; path = TouchXML.h; sourceTree = "<group>"; };
		0D9419C1136F517000AE8552 /* Icon.png */ = {isa = PBXFileReference; lastKnownFileType = image.png; path = Icon.png; sourceTree = "<group>"; };
		0DA9AA561372EB6A005C86C4 /* ServersViewController.h */ = {isa = PBXFileReference; fileEncoding = 4; lastKnownFileType = sourcecode.c.h; path = ServersViewController.h; sourceTree = "<group>"; };
		0DA9AA571372EB6A005C86C4 /* ServersViewController.m */ = {isa = PBXFileReference; fileEncoding = 4; lastKnownFileType = sourcecode.c.objc; path = ServersViewController.m; sourceTree = "<group>"; };
		0DA9AA581372EB6A005C86C4 /* ServersViewController.xib */ = {isa = PBXFileReference; fileEncoding = 4; lastKnownFileType = file.xib; path = ServersViewController.xib; sourceTree = "<group>"; };
		0DEA6DF5137415B3007C0A54 /* Blue.png */ = {isa = PBXFileReference; lastKnownFileType = image.png; path = Blue.png; sourceTree = "<group>"; };
		0DEA6DF6137415B3007C0A54 /* Blue@2x.png */ = {isa = PBXFileReference; lastKnownFileType = image.png; path = "Blue@2x.png"; sourceTree = "<group>"; };
		0DEA6DF7137415B3007C0A54 /* MKInfoPanel.h */ = {isa = PBXFileReference; fileEncoding = 4; lastKnownFileType = sourcecode.c.h; path = MKInfoPanel.h; sourceTree = "<group>"; };
		0DEA6DF8137415B3007C0A54 /* MKInfoPanel.m */ = {isa = PBXFileReference; fileEncoding = 4; lastKnownFileType = sourcecode.c.objc; path = MKInfoPanel.m; sourceTree = "<group>"; };
		0DEA6DF9137415B3007C0A54 /* MKInfoPanel.xib */ = {isa = PBXFileReference; fileEncoding = 4; lastKnownFileType = file.xib; path = MKInfoPanel.xib; sourceTree = "<group>"; };
		0DEA6DFA137415B3007C0A54 /* Red.png */ = {isa = PBXFileReference; lastKnownFileType = image.png; path = Red.png; sourceTree = "<group>"; };
		0DEA6DFB137415B3007C0A54 /* Red@2x.png */ = {isa = PBXFileReference; lastKnownFileType = image.png; path = "Red@2x.png"; sourceTree = "<group>"; };
		0DEA6DFC137415B3007C0A54 /* Tick.png */ = {isa = PBXFileReference; lastKnownFileType = image.png; path = Tick.png; sourceTree = "<group>"; };
		0DEA6DFD137415B3007C0A54 /* Tick@2x.png */ = {isa = PBXFileReference; lastKnownFileType = image.png; path = "Tick@2x.png"; sourceTree = "<group>"; };
		0DEA6DFE137415B3007C0A54 /* Warning.png */ = {isa = PBXFileReference; lastKnownFileType = image.png; path = Warning.png; sourceTree = "<group>"; };
		0DEA6DFF137415B3007C0A54 /* Warning@2x.png */ = {isa = PBXFileReference; lastKnownFileType = image.png; path = "Warning@2x.png"; sourceTree = "<group>"; };
		0DEA6E0B137415D3007C0A54 /* QuartzCore.framework */ = {isa = PBXFileReference; lastKnownFileType = wrapper.framework; name = QuartzCore.framework; path = System/Library/Frameworks/QuartzCore.framework; sourceTree = SDKROOT; };
/* End PBXFileReference section */

/* Begin PBXFrameworksBuildPhase section */
		0D8DDB65136F1BCB002D0C19 /* Frameworks */ = {
			isa = PBXFrameworksBuildPhase;
			buildActionMask = 2147483647;
			files = (
				0DEA6E0C137415D3007C0A54 /* QuartzCore.framework in Frameworks */,
				0D083209136F3AD300ED6E67 /* CoreData.framework in Frameworks */,
				0D8DDB6D136F1BCB002D0C19 /* UIKit.framework in Frameworks */,
				0D8DDB6F136F1BCB002D0C19 /* Foundation.framework in Frameworks */,
				0D8DDB71136F1BCB002D0C19 /* CoreGraphics.framework in Frameworks */,
			);
			runOnlyForDeploymentPostprocessing = 0;
		};
/* End PBXFrameworksBuildPhase section */

/* Begin PBXGroup section */
		0D0831D2136F38C900ED6E67 /* ActiverecordCoreData */ = {
			isa = PBXGroup;
			children = (
				0D0831D3136F38C900ED6E67 /* .gitignore */,
				0D0831D4136F38C900ED6E67 /* ActiveRecordHelpers.h */,
				0D0831D5136F38C900ED6E67 /* ActiveRecordHelpers.m */,
				0D0831D6136F38C900ED6E67 /* ARCoreDataAction.h */,
				0D0831D7136F38C900ED6E67 /* ARCoreDataAction.m */,
				0D0831D8136F38C900ED6E67 /* CoreData+ActiveRecordFetching.h */,
				0D0831D9136F38C900ED6E67 /* LICENSE */,
				0D0831DA136F38C900ED6E67 /* NSManagedObject+ActiveRecord.h */,
				0D0831DB136F38C900ED6E67 /* NSManagedObject+ActiveRecord.m */,
				0D0831DC136F38C900ED6E67 /* NSManagedObjectContext+ActiveRecord.h */,
				0D0831DD136F38C900ED6E67 /* NSManagedObjectContext+ActiveRecord.m */,
				0D0831DE136F38C900ED6E67 /* NSManagedObjectModel+ActiveRecord.h */,
				0D0831DF136F38C900ED6E67 /* NSManagedObjectModel+ActiveRecord.m */,
				0D0831E0136F38C900ED6E67 /* NSPersistentStore+ActiveRecord.h */,
				0D0831E1136F38C900ED6E67 /* NSPersistentStore+ActiveRecord.m */,
				0D0831E2136F38C900ED6E67 /* NSPersistentStoreCoordinator+ActiveRecord.h */,
				0D0831E3136F38C900ED6E67 /* NSPersistentStoreCoordinator+ActiveRecord.m */,
				0D0831E4136F38C900ED6E67 /* README.md */,
			);
			name = ActiverecordCoreData;
			path = BuildMonit/Libs/ActiverecordCoreData;
			sourceTree = "<group>";
		};
		0D0831F3136F391C00ED6E67 /* Models */ = {
			isa = PBXGroup;
			children = (
				0D0831F4136F392D00ED6E67 /* Server.h */,
				0D0831F5136F392D00ED6E67 /* Server.m */,
			);
			name = Models;
			sourceTree = "<group>";
		};
		0D8DDB5D136F1BCB002D0C19 = {
			isa = PBXGroup;
			children = (
				0D0831F0136F38E000ED6E67 /* DataModels.xcdatamodeld */,
				0D8DDB72136F1BCB002D0C19 /* BuildMonit */,
				0D8DDB6B136F1BCB002D0C19 /* Frameworks */,
				0D8DDB69136F1BCB002D0C19 /* Products */,
			);
			sourceTree = "<group>";
		};
		0D8DDB69136F1BCB002D0C19 /* Products */ = {
			isa = PBXGroup;
			children = (
				0D8DDB68136F1BCB002D0C19 /* BuildMonit.app */,
			);
			name = Products;
			sourceTree = "<group>";
		};
		0D8DDB6B136F1BCB002D0C19 /* Frameworks */ = {
			isa = PBXGroup;
			children = (
				0DEA6E0B137415D3007C0A54 /* QuartzCore.framework */,
				0DEA6DF4137415B3007C0A54 /* MKInfoBundle */,
				0D083208136F3AD300ED6E67 /* CoreData.framework */,
				0D0831D2136F38C900ED6E67 /* ActiverecordCoreData */,
				0D8DDC7F136F2BE2002D0C19 /* TouchXML */,
				0D8DDB6C136F1BCB002D0C19 /* UIKit.framework */,
				0D8DDB6E136F1BCB002D0C19 /* Foundation.framework */,
				0D8DDB70136F1BCB002D0C19 /* CoreGraphics.framework */,
			);
			name = Frameworks;
			sourceTree = "<group>";
		};
		0D8DDB72136F1BCB002D0C19 /* BuildMonit */ = {
			isa = PBXGroup;
			children = (
				0D0831F3136F391C00ED6E67 /* Models */,
				0D8DDB9E136F1D03002D0C19 /* ViewModels */,
				0D8DDB9A136F1C84002D0C19 /* Parsers */,
				0D8DDB8E136F1BFF002D0C19 /* Delegate */,
				0D8DDB8D136F1BEF002D0C19 /* Resources */,
				0D8DDB8C136F1BE0002D0C19 /* ViewControllers */,
				0D8DDB73136F1BCB002D0C19 /* Supporting Files */,
			);
			path = BuildMonit;
			sourceTree = "<group>";
		};
		0D8DDB73136F1BCB002D0C19 /* Supporting Files */ = {
			isa = PBXGroup;
			children = (
				0D8DDB74136F1BCB002D0C19 /* BuildMonit-Info.plist */,
				0D8DDB75136F1BCB002D0C19 /* InfoPlist.strings */,
				0D8DDB78136F1BCB002D0C19 /* BuildMonit-Prefix.pch */,
				0D8DDB79136F1BCB002D0C19 /* main.m */,
			);
			name = "Supporting Files";
			sourceTree = "<group>";
		};
		0D8DDB8C136F1BE0002D0C19 /* ViewControllers */ = {
			isa = PBXGroup;
			children = (
				0D8DDB81136F1BCB002D0C19 /* BuildStatusViewController.h */,
				0D8DDB82136F1BCB002D0C19 /* BuildStatusViewController.m */,
				0D0831F7136F396500ED6E67 /* AddServerViewController.h */,
				0D0831F8136F396500ED6E67 /* AddServerViewController.m */,
				0DA9AA561372EB6A005C86C4 /* ServersViewController.h */,
				0DA9AA571372EB6A005C86C4 /* ServersViewController.m */,
				0D78504513741D0000D67898 /* BuildStatusCellView.h */,
				0D78504613741D0000D67898 /* BuildStatusCellView.m */,
			);
			name = ViewControllers;
			sourceTree = "<group>";
		};
		0D8DDB8D136F1BEF002D0C19 /* Resources */ = {
			isa = PBXGroup;
			children = (
				0D78504713741D0000D67898 /* BuildStatusCellView.xib */,
				0DA9AA581372EB6A005C86C4 /* ServersViewController.xib */,
				0D9419C1136F517000AE8552 /* Icon.png */,
				0D0831F9136F396500ED6E67 /* AddServerViewController.xib */,
				0D8DDB7E136F1BCB002D0C19 /* MainWindow.xib */,
				0D8DDB84136F1BCB002D0C19 /* BuildStatusViewController.xib */,
			);
			name = Resources;
			sourceTree = "<group>";
		};
		0D8DDB8E136F1BFF002D0C19 /* Delegate */ = {
			isa = PBXGroup;
			children = (
				0D8DDB7B136F1BCB002D0C19 /* BuildMonitAppDelegate.h */,
				0D8DDB7C136F1BCB002D0C19 /* BuildMonitAppDelegate.m */,
			);
			name = Delegate;
			sourceTree = "<group>";
		};
		0D8DDB9A136F1C84002D0C19 /* Parsers */ = {
			isa = PBXGroup;
			children = (
				0D8DDB9B136F1CA3002D0C19 /* CCTrayParser.h */,
				0D8DDB9C136F1CA3002D0C19 /* CCTrayParser.m */,
			);
			name = Parsers;
			sourceTree = "<group>";
		};
		0D8DDB9E136F1D03002D0C19 /* ViewModels */ = {
			isa = PBXGroup;
			children = (
				0D8DDB9F136F1D12002D0C19 /* Build.h */,
				0D8DDBA0136F1D12002D0C19 /* Build.m */,
			);
			name = ViewModels;
			sourceTree = "<group>";
		};
		0D8DDC7F136F2BE2002D0C19 /* TouchXML */ = {
			isa = PBXGroup;
			children = (
				0D8DDC80136F2BE2002D0C19 /* Creation */,
				0D8DDC85136F2BE2002D0C19 /* CXHTMLDocument.h */,
				0D8DDC86136F2BE2002D0C19 /* CXHTMLDocument.m */,
				0D8DDC87136F2BE2002D0C19 /* CXMLDocument.h */,
				0D8DDC88136F2BE2002D0C19 /* CXMLDocument.m */,
				0D8DDC89136F2BE2002D0C19 /* CXMLDocument_PrivateExtensions.h */,
				0D8DDC8A136F2BE2002D0C19 /* CXMLDocument_PrivateExtensions.m */,
				0D8DDC8B136F2BE2002D0C19 /* CXMLElement.h */,
				0D8DDC8C136F2BE2002D0C19 /* CXMLElement.m */,
				0D8DDC8D136F2BE2002D0C19 /* CXMLElement_CreationExtensions.h */,
				0D8DDC8E136F2BE2002D0C19 /* CXMLElement_CreationExtensions.m */,
				0D8DDC8F136F2BE2002D0C19 /* CXMLElement_ElementTreeExtensions.h */,
				0D8DDC90136F2BE2002D0C19 /* CXMLElement_ElementTreeExtensions.m */,
				0D8DDC91136F2BE2002D0C19 /* CXMLNamespaceNode.h */,
				0D8DDC92136F2BE2002D0C19 /* CXMLNamespaceNode.m */,
				0D8DDC93136F2BE2002D0C19 /* CXMLNode.h */,
				0D8DDC94136F2BE2002D0C19 /* CXMLNode.m */,
				0D8DDC95136F2BE2002D0C19 /* CXMLNode_PrivateExtensions.h */,
				0D8DDC96136F2BE2002D0C19 /* CXMLNode_PrivateExtensions.m */,
				0D8DDC97136F2BE2002D0C19 /* CXMLNode_XPathExtensions.h */,
				0D8DDC98136F2BE2002D0C19 /* CXMLNode_XPathExtensions.m */,
				0D8DDC99136F2BE2002D0C19 /* Tidy */,
				0D8DDC9C136F2BE2002D0C19 /* TouchXML.h */,
			);
			name = TouchXML;
			path = BuildMonit/Libs/TouchXML;
			sourceTree = "<group>";
		};
		0D8DDC80136F2BE2002D0C19 /* Creation */ = {
			isa = PBXGroup;
			children = (
				0D8DDC81136F2BE2002D0C19 /* CXMLDocument_CreationExtensions.h */,
				0D8DDC82136F2BE2002D0C19 /* CXMLDocument_CreationExtensions.m */,
				0D8DDC83136F2BE2002D0C19 /* CXMLNode_CreationExtensions.h */,
				0D8DDC84136F2BE2002D0C19 /* CXMLNode_CreationExtensions.m */,
			);
			path = Creation;
			sourceTree = "<group>";
		};
		0D8DDC99136F2BE2002D0C19 /* Tidy */ = {
			isa = PBXGroup;
			children = (
				0D8DDC9A136F2BE2002D0C19 /* CTidy.h */,
				0D8DDC9B136F2BE2002D0C19 /* CTidy.m */,
			);
			path = Tidy;
			sourceTree = "<group>";
		};
		0DEA6DF4137415B3007C0A54 /* MKInfoBundle */ = {
			isa = PBXGroup;
			children = (
				0DEA6DF5137415B3007C0A54 /* Blue.png */,
				0DEA6DF6137415B3007C0A54 /* Blue@2x.png */,
				0DEA6DF7137415B3007C0A54 /* MKInfoPanel.h */,
				0DEA6DF8137415B3007C0A54 /* MKInfoPanel.m */,
				0DEA6DF9137415B3007C0A54 /* MKInfoPanel.xib */,
				0DEA6DFA137415B3007C0A54 /* Red.png */,
				0DEA6DFB137415B3007C0A54 /* Red@2x.png */,
				0DEA6DFC137415B3007C0A54 /* Tick.png */,
				0DEA6DFD137415B3007C0A54 /* Tick@2x.png */,
				0DEA6DFE137415B3007C0A54 /* Warning.png */,
				0DEA6DFF137415B3007C0A54 /* Warning@2x.png */,
			);
			name = MKInfoBundle;
			path = BuildMonit/Libs/MKInfoBundle;
			sourceTree = "<group>";
		};
/* End PBXGroup section */

/* Begin PBXNativeTarget section */
		0D8DDB67136F1BCB002D0C19 /* BuildMonit */ = {
			isa = PBXNativeTarget;
			buildConfigurationList = 0D8DDB89136F1BCB002D0C19 /* Build configuration list for PBXNativeTarget "BuildMonit" */;
			buildPhases = (
				0D8DDB64136F1BCB002D0C19 /* Sources */,
				0D8DDB65136F1BCB002D0C19 /* Frameworks */,
				0D8DDB66136F1BCB002D0C19 /* Resources */,
			);
			buildRules = (
			);
			dependencies = (
			);
			name = BuildMonit;
			productName = BuildMonit;
			productReference = 0D8DDB68136F1BCB002D0C19 /* BuildMonit.app */;
			productType = "com.apple.product-type.application";
		};
/* End PBXNativeTarget section */

/* Begin PBXProject section */
		0D8DDB5F136F1BCB002D0C19 /* Project object */ = {
			isa = PBXProject;
			buildConfigurationList = 0D8DDB62136F1BCB002D0C19 /* Build configuration list for PBXProject "BuildMonit" */;
			compatibilityVersion = "Xcode 3.2";
			developmentRegion = English;
			hasScannedForEncodings = 0;
			knownRegions = (
				en,
			);
			mainGroup = 0D8DDB5D136F1BCB002D0C19;
			productRefGroup = 0D8DDB69136F1BCB002D0C19 /* Products */;
			projectDirPath = "";
			projectRoot = "";
			targets = (
				0D8DDB67136F1BCB002D0C19 /* BuildMonit */,
			);
		};
/* End PBXProject section */

/* Begin PBXResourcesBuildPhase section */
		0D8DDB66136F1BCB002D0C19 /* Resources */ = {
			isa = PBXResourcesBuildPhase;
			buildActionMask = 2147483647;
			files = (
				0D8DDB77136F1BCB002D0C19 /* InfoPlist.strings in Resources */,
				0D8DDB80136F1BCB002D0C19 /* MainWindow.xib in Resources */,
				0D8DDB86136F1BCB002D0C19 /* BuildStatusViewController.xib in Resources */,
				0D0831E5136F38C900ED6E67 /* .gitignore in Resources */,
				0D0831E8136F38C900ED6E67 /* LICENSE in Resources */,
				0D0831EE136F38C900ED6E67 /* README.md in Resources */,
				0D0831FB136F396500ED6E67 /* AddServerViewController.xib in Resources */,
				0D9419C2136F517000AE8552 /* Icon.png in Resources */,
				0DA9AA5A1372EB6A005C86C4 /* ServersViewController.xib in Resources */,
				0DEA6E00137415B3007C0A54 /* Blue.png in Resources */,
				0DEA6E01137415B3007C0A54 /* Blue@2x.png in Resources */,
				0DEA6E03137415B3007C0A54 /* MKInfoPanel.xib in Resources */,
				0DEA6E04137415B3007C0A54 /* Red.png in Resources */,
				0DEA6E05137415B3007C0A54 /* Red@2x.png in Resources */,
				0DEA6E06137415B3007C0A54 /* Tick.png in Resources */,
				0DEA6E07137415B3007C0A54 /* Tick@2x.png in Resources */,
				0DEA6E08137415B3007C0A54 /* Warning.png in Resources */,
				0DEA6E09137415B3007C0A54 /* Warning@2x.png in Resources */,
				0D78504913741D0000D67898 /* BuildStatusCellView.xib in Resources */,
			);
			runOnlyForDeploymentPostprocessing = 0;
		};
/* End PBXResourcesBuildPhase section */

/* Begin PBXSourcesBuildPhase section */
		0D8DDB64136F1BCB002D0C19 /* Sources */ = {
			isa = PBXSourcesBuildPhase;
			buildActionMask = 2147483647;
			files = (
				0D8DDB7A136F1BCB002D0C19 /* main.m in Sources */,
				0D8DDB7D136F1BCB002D0C19 /* BuildMonitAppDelegate.m in Sources */,
				0D8DDB83136F1BCB002D0C19 /* BuildStatusViewController.m in Sources */,
				0D8DDB9D136F1CA3002D0C19 /* CCTrayParser.m in Sources */,
				0D8DDBA1136F1D12002D0C19 /* Build.m in Sources */,
				0D8DDC9D136F2BE2002D0C19 /* CXMLDocument_CreationExtensions.m in Sources */,
				0D8DDC9E136F2BE2002D0C19 /* CXMLNode_CreationExtensions.m in Sources */,
				0D8DDC9F136F2BE2002D0C19 /* CXHTMLDocument.m in Sources */,
				0D8DDCA0136F2BE2002D0C19 /* CXMLDocument.m in Sources */,
				0D8DDCA1136F2BE2002D0C19 /* CXMLDocument_PrivateExtensions.m in Sources */,
				0D8DDCA2136F2BE2002D0C19 /* CXMLElement.m in Sources */,
				0D8DDCA3136F2BE2002D0C19 /* CXMLElement_CreationExtensions.m in Sources */,
				0D8DDCA4136F2BE2002D0C19 /* CXMLElement_ElementTreeExtensions.m in Sources */,
				0D8DDCA5136F2BE2002D0C19 /* CXMLNamespaceNode.m in Sources */,
				0D8DDCA6136F2BE2002D0C19 /* CXMLNode.m in Sources */,
				0D8DDCA7136F2BE2002D0C19 /* CXMLNode_PrivateExtensions.m in Sources */,
				0D8DDCA8136F2BE2002D0C19 /* CXMLNode_XPathExtensions.m in Sources */,
				0D8DDCA9136F2BE2002D0C19 /* CTidy.m in Sources */,
				0D0831E6136F38C900ED6E67 /* ActiveRecordHelpers.m in Sources */,
				0D0831E7136F38C900ED6E67 /* ARCoreDataAction.m in Sources */,
				0D0831E9136F38C900ED6E67 /* NSManagedObject+ActiveRecord.m in Sources */,
				0D0831EA136F38C900ED6E67 /* NSManagedObjectContext+ActiveRecord.m in Sources */,
				0D0831EB136F38C900ED6E67 /* NSManagedObjectModel+ActiveRecord.m in Sources */,
				0D0831EC136F38C900ED6E67 /* NSPersistentStore+ActiveRecord.m in Sources */,
				0D0831ED136F38C900ED6E67 /* NSPersistentStoreCoordinator+ActiveRecord.m in Sources */,
				0D0831F2136F38E000ED6E67 /* DataModels.xcdatamodeld in Sources */,
				0D0831F6136F392D00ED6E67 /* Server.m in Sources */,
				0D0831FA136F396500ED6E67 /* AddServerViewController.m in Sources */,
				0DA9AA591372EB6A005C86C4 /* ServersViewController.m in Sources */,
				0DEA6E02137415B3007C0A54 /* MKInfoPanel.m in Sources */,
				0D78504813741D0000D67898 /* BuildStatusCellView.m in Sources */,
			);
			runOnlyForDeploymentPostprocessing = 0;
		};
/* End PBXSourcesBuildPhase section */

/* Begin PBXVariantGroup section */
		0D8DDB75136F1BCB002D0C19 /* InfoPlist.strings */ = {
			isa = PBXVariantGroup;
			children = (
				0D8DDB76136F1BCB002D0C19 /* en */,
			);
			name = InfoPlist.strings;
			sourceTree = "<group>";
		};
		0D8DDB7E136F1BCB002D0C19 /* MainWindow.xib */ = {
			isa = PBXVariantGroup;
			children = (
				0D8DDB7F136F1BCB002D0C19 /* en */,
			);
			name = MainWindow.xib;
			sourceTree = "<group>";
		};
		0D8DDB84136F1BCB002D0C19 /* BuildStatusViewController.xib */ = {
			isa = PBXVariantGroup;
			children = (
				0D8DDB85136F1BCB002D0C19 /* en */,
			);
			name = BuildStatusViewController.xib;
			sourceTree = "<group>";
		};
/* End PBXVariantGroup section */

/* Begin XCBuildConfiguration section */
		0D8DDB87136F1BCB002D0C19 /* Debug */ = {
			isa = XCBuildConfiguration;
			buildSettings = {
				ARCHS = "$(ARCHS_STANDARD_32_BIT)";
				"CODE_SIGN_IDENTITY[sdk=iphoneos*]" = "iPhone Developer";
				GCC_C_LANGUAGE_STANDARD = gnu99;
				GCC_OPTIMIZATION_LEVEL = 0;
				GCC_PREPROCESSOR_DEFINITIONS = DEBUG;
				GCC_SYMBOLS_PRIVATE_EXTERN = NO;
				GCC_VERSION = com.apple.compilers.llvmgcc42;
				GCC_WARN_ABOUT_RETURN_TYPE = YES;
				GCC_WARN_UNUSED_VARIABLE = YES;
				"HEADER_SEARCH_PATHS[arch=*]" = /usr/include/libxml2;
				IPHONEOS_DEPLOYMENT_TARGET = 4.3;
				"OTHER_LDFLAGS[arch=*]" = "-lxml2";
				SDKROOT = iphoneos;
			};
			name = Debug;
		};
		0D8DDB88136F1BCB002D0C19 /* Release */ = {
			isa = XCBuildConfiguration;
			buildSettings = {
				ARCHS = "$(ARCHS_STANDARD_32_BIT)";
				"CODE_SIGN_IDENTITY[sdk=iphoneos*]" = "iPhone Developer";
				GCC_C_LANGUAGE_STANDARD = gnu99;
				GCC_VERSION = com.apple.compilers.llvmgcc42;
				GCC_WARN_ABOUT_RETURN_TYPE = YES;
				GCC_WARN_UNUSED_VARIABLE = YES;
				"HEADER_SEARCH_PATHS[arch=*]" = /usr/include/libxml2;
				IPHONEOS_DEPLOYMENT_TARGET = 4.3;
				OTHER_CFLAGS = "-DNS_BLOCK_ASSERTIONS=1";
				"OTHER_LDFLAGS[arch=*]" = "-lxml2";
				SDKROOT = iphoneos;
			};
			name = Release;
		};
		0D8DDB8A136F1BCB002D0C19 /* Debug */ = {
			isa = XCBuildConfiguration;
			buildSettings = {
				ALWAYS_SEARCH_USER_PATHS = NO;
				COPY_PHASE_STRIP = NO;
				GCC_DYNAMIC_NO_PIC = NO;
				GCC_PRECOMPILE_PREFIX_HEADER = YES;
				GCC_PREFIX_HEADER = "BuildMonit/BuildMonit-Prefix.pch";
				INFOPLIST_FILE = "BuildMonit/BuildMonit-Info.plist";
				PRODUCT_NAME = "$(TARGET_NAME)";
				WRAPPER_EXTENSION = app;
			};
			name = Debug;
		};
		0D8DDB8B136F1BCB002D0C19 /* Release */ = {
			isa = XCBuildConfiguration;
			buildSettings = {
				ALWAYS_SEARCH_USER_PATHS = NO;
				COPY_PHASE_STRIP = YES;
				GCC_PRECOMPILE_PREFIX_HEADER = YES;
				GCC_PREFIX_HEADER = "BuildMonit/BuildMonit-Prefix.pch";
				INFOPLIST_FILE = "BuildMonit/BuildMonit-Info.plist";
				PRODUCT_NAME = "$(TARGET_NAME)";
				VALIDATE_PRODUCT = YES;
				WRAPPER_EXTENSION = app;
			};
			name = Release;
		};
/* End XCBuildConfiguration section */

/* Begin XCConfigurationList section */
		0D8DDB62136F1BCB002D0C19 /* Build configuration list for PBXProject "BuildMonit" */ = {
			isa = XCConfigurationList;
			buildConfigurations = (
				0D8DDB87136F1BCB002D0C19 /* Debug */,
				0D8DDB88136F1BCB002D0C19 /* Release */,
			);
			defaultConfigurationIsVisible = 0;
			defaultConfigurationName = Release;
		};
		0D8DDB89136F1BCB002D0C19 /* Build configuration list for PBXNativeTarget "BuildMonit" */ = {
			isa = XCConfigurationList;
			buildConfigurations = (
				0D8DDB8A136F1BCB002D0C19 /* Debug */,
				0D8DDB8B136F1BCB002D0C19 /* Release */,
			);
			defaultConfigurationIsVisible = 0;
			defaultConfigurationName = Release;
		};
/* End XCConfigurationList section */

/* Begin XCVersionGroup section */
		0D0831F0136F38E000ED6E67 /* DataModels.xcdatamodeld */ = {
			isa = XCVersionGroup;
			children = (
				0D0831F1136F38E000ED6E67 /* DataModels.xcdatamodel */,
			);
			currentVersion = 0D0831F1136F38E000ED6E67 /* DataModels.xcdatamodel */;
			path = DataModels.xcdatamodeld;
			sourceTree = "<group>";
			versionGroupType = wrapper.xcdatamodel;
		};
/* End XCVersionGroup section */
	};
	rootObject = 0D8DDB5F136F1BCB002D0C19 /* Project object */;
}
